// !$*UTF8*$!
{
	archiveVersion = 1;
	classes = {
	};
	objectVersion = 56;
	objects = {

/* Begin PBXBuildFile section */
		14474776292DDE3100ADDB37 /* main.swift in Sources */ = {isa = PBXBuildFile; fileRef = 14474775292DDE3100ADDB37 /* main.swift */; };
		146974CD2940805600A606B9 /* ProgramMenu.swift in Sources */ = {isa = PBXBuildFile; fileRef = 146974CC2940805600A606B9 /* ProgramMenu.swift */; };
		146974CF2940816F00A606B9 /* AddStudent.swift in Sources */ = {isa = PBXBuildFile; fileRef = 146974CE2940816F00A606B9 /* AddStudent.swift */; };
		146974D12940817B00A606B9 /* DeleteStudent.swift in Sources */ = {isa = PBXBuildFile; fileRef = 146974D02940817B00A606B9 /* DeleteStudent.swift */; };
		146974D4294081C200A606B9 /* AddGrade.swift in Sources */ = {isa = PBXBuildFile; fileRef = 146974D3294081C200A606B9 /* AddGrade.swift */; };
		146974D6294081CB00A606B9 /* DeleteGrade.swift in Sources */ = {isa = PBXBuildFile; fileRef = 146974D5294081CB00A606B9 /* DeleteGrade.swift */; };
		146974D8294081D800A606B9 /* AverageGrades.swift in Sources */ = {isa = PBXBuildFile; fileRef = 146974D7294081D800A606B9 /* AverageGrades.swift */; };
		146974DA294084B400A606B9 /* GradeCaculator.swift in Sources */ = {isa = PBXBuildFile; fileRef = 146974D9294084B400A606B9 /* GradeCaculator.swift */; };
		146974DC2940856000A606B9 /* TheEnd.swift in Sources */ = {isa = PBXBuildFile; fileRef = 146974DB2940856000A606B9 /* TheEnd.swift */; };
		146974DE294091CC00A606B9 /* Info.swift in Sources */ = {isa = PBXBuildFile; fileRef = 146974DD294091CC00A606B9 /* Info.swift */; };
		146974E02940D8F500A606B9 /* WantFunctions.swift in Sources */ = {isa = PBXBuildFile; fileRef = 146974DF2940D8F500A606B9 /* WantFunctions.swift */; };
/* End PBXBuildFile section */

/* Begin PBXCopyFilesBuildPhase section */
		14474770292DDE3100ADDB37 /* CopyFiles */ = {
			isa = PBXCopyFilesBuildPhase;
			buildActionMask = 2147483647;
			dstPath = /usr/share/man/man1/;
			dstSubfolderSpec = 0;
			files = (
			);
			runOnlyForDeploymentPostprocessing = 1;
		};
/* End PBXCopyFilesBuildPhase section */

/* Begin PBXFileReference section */
		14167D8B2934627900236E47 /* README.md */ = {isa = PBXFileReference; lastKnownFileType = net.daringfireball.markdown; path = README.md; sourceTree = "<group>"; };
		14474772292DDE3100ADDB37 /* MyCreditManager */ = {isa = PBXFileReference; explicitFileType = "compiled.mach-o.executable"; includeInIndex = 0; path = MyCreditManager; sourceTree = BUILT_PRODUCTS_DIR; };
		14474775292DDE3100ADDB37 /* main.swift */ = {isa = PBXFileReference; lastKnownFileType = sourcecode.swift; path = main.swift; sourceTree = "<group>"; };
		146974CC2940805600A606B9 /* ProgramMenu.swift */ = {isa = PBXFileReference; lastKnownFileType = sourcecode.swift; path = ProgramMenu.swift; sourceTree = "<group>"; };
		146974CE2940816F00A606B9 /* AddStudent.swift */ = {isa = PBXFileReference; lastKnownFileType = sourcecode.swift; path = AddStudent.swift; sourceTree = "<group>"; };
		146974D02940817B00A606B9 /* DeleteStudent.swift */ = {isa = PBXFileReference; lastKnownFileType = sourcecode.swift; path = DeleteStudent.swift; sourceTree = "<group>"; };
		146974D3294081C200A606B9 /* AddGrade.swift */ = {isa = PBXFileReference; lastKnownFileType = sourcecode.swift; path = AddGrade.swift; sourceTree = "<group>"; };
		146974D5294081CB00A606B9 /* DeleteGrade.swift */ = {isa = PBXFileReference; lastKnownFileType = sourcecode.swift; path = DeleteGrade.swift; sourceTree = "<group>"; };
		146974D7294081D800A606B9 /* AverageGrades.swift */ = {isa = PBXFileReference; lastKnownFileType = sourcecode.swift; path = AverageGrades.swift; sourceTree = "<group>"; };
		146974D9294084B400A606B9 /* GradeCaculator.swift */ = {isa = PBXFileReference; lastKnownFileType = sourcecode.swift; path = GradeCaculator.swift; sourceTree = "<group>"; };
		146974DB2940856000A606B9 /* TheEnd.swift */ = {isa = PBXFileReference; lastKnownFileType = sourcecode.swift; path = TheEnd.swift; sourceTree = "<group>"; };
		146974DD294091CC00A606B9 /* Info.swift */ = {isa = PBXFileReference; lastKnownFileType = sourcecode.swift; path = Info.swift; sourceTree = "<group>"; };
		146974DF2940D8F500A606B9 /* WantFunctions.swift */ = {isa = PBXFileReference; lastKnownFileType = sourcecode.swift; path = WantFunctions.swift; sourceTree = "<group>"; };
/* End PBXFileReference section */

/* Begin PBXFrameworksBuildPhase section */
		1447476F292DDE3100ADDB37 /* Frameworks */ = {
			isa = PBXFrameworksBuildPhase;
			buildActionMask = 2147483647;
			files = (
			);
			runOnlyForDeploymentPostprocessing = 0;
		};
/* End PBXFrameworksBuildPhase section */

/* Begin PBXGroup section */
		14474769292DDE3100ADDB37 = {
			isa = PBXGroup;
			children = (
				14167D8B2934627900236E47 /* README.md */,
				14474774292DDE3100ADDB37 /* MyCreditManager */,
				14474773292DDE3100ADDB37 /* Products */,
			);
			sourceTree = "<group>";
		};
		14474773292DDE3100ADDB37 /* Products */ = {
			isa = PBXGroup;
			children = (
				14474772292DDE3100ADDB37 /* MyCreditManager */,
			);
			name = Products;
			sourceTree = "<group>";
		};
		14474774292DDE3100ADDB37 /* MyCreditManager */ = {
			isa = PBXGroup;
			children = (
				14474775292DDE3100ADDB37 /* main.swift */,
				146974DD294091CC00A606B9 /* Info.swift */,
				146974DF2940D8F500A606B9 /* WantFunctions.swift */,
				146974CC2940805600A606B9 /* ProgramMenu.swift */,
				146974D2294081A100A606B9 /* Functions */,
			);
			path = MyCreditManager;
			sourceTree = "<group>";
		};
		146974D2294081A100A606B9 /* Functions */ = {
			isa = PBXGroup;
			children = (
				146974CE2940816F00A606B9 /* AddStudent.swift */,
				146974D02940817B00A606B9 /* DeleteStudent.swift */,
				146974D3294081C200A606B9 /* AddGrade.swift */,
				146974D5294081CB00A606B9 /* DeleteGrade.swift */,
				146974D7294081D800A606B9 /* AverageGrades.swift */,
				146974D9294084B400A606B9 /* GradeCaculator.swift */,
				146974DB2940856000A606B9 /* TheEnd.swift */,
			);
			path = Functions;
			sourceTree = "<group>";
		};
/* End PBXGroup section */

/* Begin PBXNativeTarget section */
		14474771292DDE3100ADDB37 /* MyCreditManager */ = {
			isa = PBXNativeTarget;
			buildConfigurationList = 14474779292DDE3100ADDB37 /* Build configuration list for PBXNativeTarget "MyCreditManager" */;
			buildPhases = (
				1447476E292DDE3100ADDB37 /* Sources */,
				1447476F292DDE3100ADDB37 /* Frameworks */,
				14474770292DDE3100ADDB37 /* CopyFiles */,
			);
			buildRules = (
			);
			dependencies = (
			);
			name = MyCreditManager;
			productName = MyCreditManager;
			productReference = 14474772292DDE3100ADDB37 /* MyCreditManager */;
			productType = "com.apple.product-type.tool";
		};
/* End PBXNativeTarget section */

/* Begin PBXProject section */
		1447476A292DDE3100ADDB37 /* Project object */ = {
			isa = PBXProject;
			attributes = {
				BuildIndependentTargetsInParallel = 1;
				LastSwiftUpdateCheck = 1410;
				LastUpgradeCheck = 1410;
				TargetAttributes = {
					14474771292DDE3100ADDB37 = {
						CreatedOnToolsVersion = 14.1;
					};
				};
			};
			buildConfigurationList = 1447476D292DDE3100ADDB37 /* Build configuration list for PBXProject "MyCreditManager" */;
			compatibilityVersion = "Xcode 14.0";
			developmentRegion = en;
			hasScannedForEncodings = 0;
			knownRegions = (
				en,
				Base,
			);
			mainGroup = 14474769292DDE3100ADDB37;
			productRefGroup = 14474773292DDE3100ADDB37 /* Products */;
			projectDirPath = "";
			projectRoot = "";
			targets = (
				14474771292DDE3100ADDB37 /* MyCreditManager */,
			);
		};
/* End PBXProject section */

/* Begin PBXSourcesBuildPhase section */
		1447476E292DDE3100ADDB37 /* Sources */ = {
			isa = PBXSourcesBuildPhase;
			buildActionMask = 2147483647;
			files = (
				146974DA294084B400A606B9 /* GradeCaculator.swift in Sources */,
				146974E02940D8F500A606B9 /* WantFunctions.swift in Sources */,
				146974D8294081D800A606B9 /* AverageGrades.swift in Sources */,
				146974D6294081CB00A606B9 /* DeleteGrade.swift in Sources */,
				146974DE294091CC00A606B9 /* Info.swift in Sources */,
				146974D12940817B00A606B9 /* DeleteStudent.swift in Sources */,
				14474776292DDE3100ADDB37 /* main.swift in Sources */,
				146974D4294081C200A606B9 /* AddGrade.swift in Sources */,
				146974CD2940805600A606B9 /* ProgramMenu.swift in Sources */,
				146974DC2940856000A606B9 /* TheEnd.swift in Sources */,
				146974CF2940816F00A606B9 /* AddStudent.swift in Sources */,
			);
			runOnlyForDeploymentPostprocessing = 0;
		};
/* End PBXSourcesBuildPhase section */

/* Begin XCBuildConfiguration section */
		14474777292DDE3100ADDB37 /* Debug */ = {
			isa = XCBuildConfiguration;
			buildSettings = {
				ALWAYS_SEARCH_USER_PATHS = NO;
				CLANG_ANALYZER_NONNULL = YES;
				CLANG_ANALYZER_NUMBER_OBJECT_CONVERSION = YES_AGGRESSIVE;
				CLANG_CXX_LANGUAGE_STANDARD = "gnu++20";
				CLANG_ENABLE_MODULES = YES;
				CLANG_ENABLE_OBJC_ARC = YES;
				CLANG_ENABLE_OBJC_WEAK = YES;
				CLANG_WARN_BLOCK_CAPTURE_AUTORELEASING = YES;
				CLANG_WARN_BOOL_CONVERSION = YES;
				CLANG_WARN_COMMA = YES;
				CLANG_WARN_CONSTANT_CONVERSION = YES;
				CLANG_WARN_DEPRECATED_OBJC_IMPLEMENTATIONS = YES;
				CLANG_WARN_DIRECT_OBJC_ISA_USAGE = YES_ERROR;
				CLANG_WARN_DOCUMENTATION_COMMENTS = YES;
				CLANG_WARN_EMPTY_BODY = YES;
				CLANG_WARN_ENUM_CONVERSION = YES;
				CLANG_WARN_INFINITE_RECURSION = YES;
				CLANG_WARN_INT_CONVERSION = YES;
				CLANG_WARN_NON_LITERAL_NULL_CONVERSION = YES;
				CLANG_WARN_OBJC_IMPLICIT_RETAIN_SELF = YES;
				CLANG_WARN_OBJC_LITERAL_CONVERSION = YES;
				CLANG_WARN_OBJC_ROOT_CLASS = YES_ERROR;
				CLANG_WARN_QUOTED_INCLUDE_IN_FRAMEWORK_HEADER = YES;
				CLANG_WARN_RANGE_LOOP_ANALYSIS = YES;
				CLANG_WARN_STRICT_PROTOTYPES = YES;
				CLANG_WARN_SUSPICIOUS_MOVE = YES;
				CLANG_WARN_UNGUARDED_AVAILABILITY = YES_AGGRESSIVE;
				CLANG_WARN_UNREACHABLE_CODE = YES;
				CLANG_WARN__DUPLICATE_METHOD_MATCH = YES;
				COPY_PHASE_STRIP = NO;
				DEBUG_INFORMATION_FORMAT = dwarf;
				ENABLE_STRICT_OBJC_MSGSEND = YES;
				ENABLE_TESTABILITY = YES;
				GCC_C_LANGUAGE_STANDARD = gnu11;
				GCC_DYNAMIC_NO_PIC = NO;
				GCC_NO_COMMON_BLOCKS = YES;
				GCC_OPTIMIZATION_LEVEL = 0;
				GCC_PREPROCESSOR_DEFINITIONS = (
					"DEBUG=1",
					"$(inherited)",
				);
				GCC_WARN_64_TO_32_BIT_CONVERSION = YES;
				GCC_WARN_ABOUT_RETURN_TYPE = YES_ERROR;
				GCC_WARN_UNDECLARED_SELECTOR = YES;
				GCC_WARN_UNINITIALIZED_AUTOS = YES_AGGRESSIVE;
				GCC_WARN_UNUSED_FUNCTION = YES;
				GCC_WARN_UNUSED_VARIABLE = YES;
				MACOSX_DEPLOYMENT_TARGET = 12.6;
				MTL_ENABLE_DEBUG_INFO = INCLUDE_SOURCE;
				MTL_FAST_MATH = YES;
				ONLY_ACTIVE_ARCH = YES;
				SDKROOT = macosx;
				SWIFT_ACTIVE_COMPILATION_CONDITIONS = DEBUG;
				SWIFT_OPTIMIZATION_LEVEL = "-Onone";
			};
			name = Debug;
		};
		14474778292DDE3100ADDB37 /* Release */ = {
			isa = XCBuildConfiguration;
			buildSettings = {
				ALWAYS_SEARCH_USER_PATHS = NO;
				CLANG_ANALYZER_NONNULL = YES;
				CLANG_ANALYZER_NUMBER_OBJECT_CONVERSION = YES_AGGRESSIVE;
				CLANG_CXX_LANGUAGE_STANDARD = "gnu++20";
				CLANG_ENABLE_MODULES = YES;
				CLANG_ENABLE_OBJC_ARC = YES;
				CLANG_ENABLE_OBJC_WEAK = YES;
				CLANG_WARN_BLOCK_CAPTURE_AUTORELEASING = YES;
				CLANG_WARN_BOOL_CONVERSION = YES;
				CLANG_WARN_COMMA = YES;
				CLANG_WARN_CONSTANT_CONVERSION = YES;
				CLANG_WARN_DEPRECATED_OBJC_IMPLEMENTATIONS = YES;
				CLANG_WARN_DIRECT_OBJC_ISA_USAGE = YES_ERROR;
				CLANG_WARN_DOCUMENTATION_COMMENTS = YES;
				CLANG_WARN_EMPTY_BODY = YES;
				CLANG_WARN_ENUM_CONVERSION = YES;
				CLANG_WARN_INFINITE_RECURSION = YES;
				CLANG_WARN_INT_CONVERSION = YES;
				CLANG_WARN_NON_LITERAL_NULL_CONVERSION = YES;
				CLANG_WARN_OBJC_IMPLICIT_RETAIN_SELF = YES;
				CLANG_WARN_OBJC_LITERAL_CONVERSION = YES;
				CLANG_WARN_OBJC_ROOT_CLASS = YES_ERROR;
				CLANG_WARN_QUOTED_INCLUDE_IN_FRAMEWORK_HEADER = YES;
				CLANG_WARN_RANGE_LOOP_ANALYSIS = YES;
				CLANG_WARN_STRICT_PROTOTYPES = YES;
				CLANG_WARN_SUSPICIOUS_MOVE = YES;
				CLANG_WARN_UNGUARDED_AVAILABILITY = YES_AGGRESSIVE;
				CLANG_WARN_UNREACHABLE_CODE = YES;
				CLANG_WARN__DUPLICATE_METHOD_MATCH = YES;
				COPY_PHASE_STRIP = NO;
				DEBUG_INFORMATION_FORMAT = "dwarf-with-dsym";
				ENABLE_NS_ASSERTIONS = NO;
				ENABLE_STRICT_OBJC_MSGSEND = YES;
				GCC_C_LANGUAGE_STANDARD = gnu11;
				GCC_NO_COMMON_BLOCKS = YES;
				GCC_WARN_64_TO_32_BIT_CONVERSION = YES;
				GCC_WARN_ABOUT_RETURN_TYPE = YES_ERROR;
				GCC_WARN_UNDECLARED_SELECTOR = YES;
				GCC_WARN_UNINITIALIZED_AUTOS = YES_AGGRESSIVE;
				GCC_WARN_UNUSED_FUNCTION = YES;
				GCC_WARN_UNUSED_VARIABLE = YES;
				MACOSX_DEPLOYMENT_TARGET = 12.6;
				MTL_ENABLE_DEBUG_INFO = NO;
				MTL_FAST_MATH = YES;
				SDKROOT = macosx;
				SWIFT_COMPILATION_MODE = wholemodule;
				SWIFT_OPTIMIZATION_LEVEL = "-O";
			};
			name = Release;
		};
		1447477A292DDE3100ADDB37 /* Debug */ = {
			isa = XCBuildConfiguration;
			buildSettings = {
				CODE_SIGN_STYLE = Automatic;
				DEVELOPMENT_TEAM = DD66GTY4AT;
				ENABLE_HARDENED_RUNTIME = YES;
				PRODUCT_NAME = "$(TARGET_NAME)";
				SWIFT_VERSION = 5.0;
			};
			name = Debug;
		};
		1447477B292DDE3100ADDB37 /* Release */ = {
			isa = XCBuildConfiguration;
			buildSettings = {
				CODE_SIGN_STYLE = Automatic;
				DEVELOPMENT_TEAM = DD66GTY4AT;
				ENABLE_HARDENED_RUNTIME = YES;
				PRODUCT_NAME = "$(TARGET_NAME)";
				SWIFT_VERSION = 5.0;
			};
			name = Release;
		};
/* End XCBuildConfiguration section */

/* Begin XCConfigurationList section */
		1447476D292DDE3100ADDB37 /* Build configuration list for PBXProject "MyCreditManager" */ = {
			isa = XCConfigurationList;
			buildConfigurations = (
				14474777292DDE3100ADDB37 /* Debug */,
				14474778292DDE3100ADDB37 /* Release */,
			);
			defaultConfigurationIsVisible = 0;
			defaultConfigurationName = Release;
		};
		14474779292DDE3100ADDB37 /* Build configuration list for PBXNativeTarget "MyCreditManager" */ = {
			isa = XCConfigurationList;
			buildConfigurations = (
				1447477A292DDE3100ADDB37 /* Debug */,
				1447477B292DDE3100ADDB37 /* Release */,
			);
			defaultConfigurationIsVisible = 0;
			defaultConfigurationName = Release;
		};
/* End XCConfigurationList section */
	};
	rootObject = 1447476A292DDE3100ADDB37 /* Project object */;
}
